
Microsoft Visual Studio Solution File, Format Version 12.00
# Visual Studio Version 16
VisualStudioVersion = 16.0.29411.108
MinimumVisualStudioVersion = 10.0.40219.1
Project("{9A19103F-16F7-4668-BE54-9A1E7A4F7556}") = "WPFUI", "WPFUI\WPFUI.csproj", "{563E333E-4D79-4C2A-AAD4-C3DDA5E29720}"
EndProject
Project("{FAE04EC0-301F-11D3-BF4B-00C04F79EFBC}") = "WPFUI_Tests", "WPFUI_Tests\WPFUI_Tests.csproj", "{EC17ABCA-3E61-488C-9F5E-6B36A15EB311}"
EndProject
Global
	GlobalSection(SolutionConfigurationPlatforms) = preSolution
		Debug|Any CPU = Debug|Any CPU
		Release|Any CPU = Release|Any CPU
	EndGlobalSection
	GlobalSection(ProjectConfigurationPlatforms) = postSolution
		{563E333E-4D79-4C2A-AAD4-C3DDA5E29720}.Debug|Any CPU.ActiveCfg = Debug|Any CPU
		{563E333E-4D79-4C2A-AAD4-C3DDA5E29720}.Debug|Any CPU.Build.0 = Debug|Any CPU
		{563E333E-4D79-4C2A-AAD4-C3DDA5E29720}.Release|Any CPU.ActiveCfg = Release|Any CPU
		{563E333E-4D79-4C2A-AAD4-C3DDA5E29720}.Release|Any CPU.Build.0 = Release|Any CPU
		{EC17ABCA-3E61-488C-9F5E-6B36A15EB311}.Debug|Any CPU.ActiveCfg = Debug|Any CPU
		{EC17ABCA-3E61-488C-9F5E-6B36A15EB311}.Debug|Any CPU.Build.0 = Debug|Any CPU
		{EC17ABCA-3E61-488C-9F5E-6B36A15EB311}.Release|Any CPU.ActiveCfg = Release|Any CPU
		{EC17ABCA-3E61-488C-9F5E-6B36A15EB311}.Release|Any CPU.Build.0 = Release|Any CPU
	EndGlobalSection
	GlobalSection(SolutionProperties) = preSolution
		HideSolutionNode = FALSE
	EndGlobalSection
	GlobalSection(ExtensibilityGlobals) = postSolution
		SolutionGuid = {A07D73C9-13E1-4B54-A471-81489F3A4B57}
	EndGlobalSection
EndGlobal
